# THIS IS AN AUTOGENERATED FILE. DO NOT EDIT THIS FILE DIRECTLY.
# yarn lockfile v1


expo-contacts@^8.2.1:
  version "8.2.1"
  resolved "https://registry.yarnpkg.com/expo-contacts/-/expo-contacts-8.2.1.tgz#e1b5587116ac4339b4680511a2b9ea4313bcf56d"
  integrity sha512-RCToHcsitrfFjLPrgNTvFJX+JeUusQNhXmK1Z2OeIUUCcsPrGx9kvpeI7iP/txdJOLoAVZ33rbyVl4gYsmHR6A==
  dependencies:
    uuid "^3.4.0"

expo-permissions@^9.0.1:
  version "9.0.1"
  resolved "https://registry.yarnpkg.com/expo-permissions/-/expo-permissions-9.0.1.tgz#dc10b58654bbe39bbbed5827369942b01b08055e"
  integrity sha512-CosJgy8XQRN/OFG2JTQDcFxz3XTGi27coCMym/hVXWtQfk0z6PwdRG5IXHfLGuSckwIcgmirrwm2+Zc0X3MmNg==

uuid@^3.4.0:
  version "3.4.0"
  resolved "https://registry.yarnpkg.com/uuid/-/uuid-3.4.0.tgz#b23e4358afa8a202fe7a100af1f5f883f02007ee"
  integrity sha512-HjSDRw6gZE5JMggctHBcjVak08+KEVhSIiDzFnT9S9aegmp85S/bReBVTb4QTFaRNptJ9kuYaNhnbNEOkbKb/A==
